
Microsoft Visual Studio Solution File, Format Version 12.00
# Visual Studio Version 17
VisualStudioVersion = 17.13.35825.156 d17.13
MinimumVisualStudioVersion = 10.0.40219.1
Project("{FAE04EC0-301F-11D3-BF4B-00C04F79EFBC}") = "folderchat", "folderchat\folderchat.csproj", "{0A114597-0879-4577-A7EE-7EF2FC21905F}"
EndProject
Global
	GlobalSection(SolutionConfigurationPlatforms) = preSolution
		Debug|Any CPU = Debug|Any CPU
		Release|Any CPU = Release|Any CPU
	EndGlobalSection
	GlobalSection(ProjectConfigurationPlatforms) = postSolution
		{0A114597-0879-4577-A7EE-7EF2FC21905F}.Debug|Any CPU.ActiveCfg = Debug|Any CPU
		{0A114597-0879-4577-A7EE-7EF2FC21905F}.Debug|Any CPU.Build.0 = Debug|Any CPU
		{0A114597-0879-4577-A7EE-7EF2FC21905F}.Release|Any CPU.ActiveCfg = Release|Any CPU
		{0A114597-0879-4577-A7EE-7EF2FC21905F}.Release|Any CPU.Build.0 = Release|Any CPU
	EndGlobalSection
	GlobalSection(SolutionProperties) = preSolution
		HideSolutionNode = FALSE
	EndGlobalSection
	GlobalSection(ExtensibilityGlobals) = postSolution
		SolutionGuid = {3A36D475-875F-419A-84E5-991C7008857F}
	EndGlobalSection
EndGlobal
